
Microsoft Visual Studio Solution File, Format Version 12.00
# Visual Studio Version 16
VisualStudioVersion = 16.0.31729.503
MinimumVisualStudioVersion = 10.0.40219.1
Project("{9A19103F-16F7-4668-BE54-9A1E7A4F7556}") = "StudentAPI", "..\Student\StudentAPI\StudentAPI.csproj", "{9665C8E7-6C73-4CF0-A99C-F4C4DE1B2973}"
EndProject
Project("{9A19103F-16F7-4668-BE54-9A1E7A4F7556}") = "StudentInfo", "..\Student\Student.Info\StudentInfo.csproj", "{1385BFC9-9B6B-4C53-A743-C1AC83CEAAEE}"
EndProject
Global
	GlobalSection(SolutionConfigurationPlatforms) = preSolution
		Debug|Any CPU = Debug|Any CPU
		Release|Any CPU = Release|Any CPU
	EndGlobalSection
	GlobalSection(ProjectConfigurationPlatforms) = postSolution
		{9665C8E7-6C73-4CF0-A99C-F4C4DE1B2973}.Debug|Any CPU.ActiveCfg = Debug|Any CPU
		{9665C8E7-6C73-4CF0-A99C-F4C4DE1B2973}.Debug|Any CPU.Build.0 = Debug|Any CPU
		{9665C8E7-6C73-4CF0-A99C-F4C4DE1B2973}.Release|Any CPU.ActiveCfg = Release|Any CPU
		{9665C8E7-6C73-4CF0-A99C-F4C4DE1B2973}.Release|Any CPU.Build.0 = Release|Any CPU
		{1385BFC9-9B6B-4C53-A743-C1AC83CEAAEE}.Debug|Any CPU.ActiveCfg = Debug|Any CPU
		{1385BFC9-9B6B-4C53-A743-C1AC83CEAAEE}.Debug|Any CPU.Build.0 = Debug|Any CPU
		{1385BFC9-9B6B-4C53-A743-C1AC83CEAAEE}.Release|Any CPU.ActiveCfg = Release|Any CPU
		{1385BFC9-9B6B-4C53-A743-C1AC83CEAAEE}.Release|Any CPU.Build.0 = Release|Any CPU
	EndGlobalSection
	GlobalSection(SolutionProperties) = preSolution
		HideSolutionNode = FALSE
	EndGlobalSection
	GlobalSection(ExtensibilityGlobals) = postSolution
		SolutionGuid = {E9AF6E90-8DEF-4DCC-8C1C-506FD0B3CA1E}
	EndGlobalSection
EndGlobal
