
Microsoft Visual Studio Solution File, Format Version 12.00
# Visual Studio Version 16
VisualStudioVersion = 16.0.31729.503
MinimumVisualStudioVersion = 10.0.40219.1
Project("{9A19103F-16F7-4668-BE54-9A1E7A4F7556}") = "StudentInfo", "StudentInfo.csproj", "{AB8BD37D-D9E2-4F88-9A5A-243441064A53}"
EndProject
Project("{FAE04EC0-301F-11D3-BF4B-00C04F79EFBC}") = "StudentAPI", "..\StudentAPI\StudentAPI.csproj", "{A92D475F-26EB-426B-88A9-2361642374DB}"
EndProject
Global
	GlobalSection(SolutionConfigurationPlatforms) = preSolution
		Debug|Any CPU = Debug|Any CPU
		Release|Any CPU = Release|Any CPU
	EndGlobalSection
	GlobalSection(ProjectConfigurationPlatforms) = postSolution
		{AB8BD37D-D9E2-4F88-9A5A-243441064A53}.Debug|Any CPU.ActiveCfg = Debug|Any CPU
		{AB8BD37D-D9E2-4F88-9A5A-243441064A53}.Debug|Any CPU.Build.0 = Debug|Any CPU
		{AB8BD37D-D9E2-4F88-9A5A-243441064A53}.Release|Any CPU.ActiveCfg = Release|Any CPU
		{AB8BD37D-D9E2-4F88-9A5A-243441064A53}.Release|Any CPU.Build.0 = Release|Any CPU
		{A92D475F-26EB-426B-88A9-2361642374DB}.Debug|Any CPU.ActiveCfg = Debug|Any CPU
		{A92D475F-26EB-426B-88A9-2361642374DB}.Debug|Any CPU.Build.0 = Debug|Any CPU
		{A92D475F-26EB-426B-88A9-2361642374DB}.Release|Any CPU.ActiveCfg = Release|Any CPU
		{A92D475F-26EB-426B-88A9-2361642374DB}.Release|Any CPU.Build.0 = Release|Any CPU
	EndGlobalSection
	GlobalSection(SolutionProperties) = preSolution
		HideSolutionNode = FALSE
	EndGlobalSection
	GlobalSection(ExtensibilityGlobals) = postSolution
		SolutionGuid = {6333A465-12E3-4DB9-9352-A02B173D1FE1}
	EndGlobalSection
EndGlobal
